// !$*UTF8*$!
{
	archiveVersion = 1;
	classes = {
	};
	objectVersion = 50;
	objects = {

/* Begin PBXBuildFile section */
		66335F39236A11CA00878FEF /* AppDelegate.swift in Sources */ = {isa = PBXBuildFile; fileRef = 66335F38236A11CA00878FEF /* AppDelegate.swift */; };
		66335F3B236A11CA00878FEF /* ViewController.swift in Sources */ = {isa = PBXBuildFile; fileRef = 66335F3A236A11CA00878FEF /* ViewController.swift */; };
		66335F3E236A11CA00878FEF /* Main.storyboard in Resources */ = {isa = PBXBuildFile; fileRef = 66335F3C236A11CA00878FEF /* Main.storyboard */; };
		66335F40236A11CD00878FEF /* Assets.xcassets in Resources */ = {isa = PBXBuildFile; fileRef = 66335F3F236A11CD00878FEF /* Assets.xcassets */; };
		66335F43236A11CD00878FEF /* LaunchScreen.storyboard in Resources */ = {isa = PBXBuildFile; fileRef = 66335F41236A11CD00878FEF /* LaunchScreen.storyboard */; };
		668FE5102383139B00E8B3CC /* ProvidersViewController.swift in Sources */ = {isa = PBXBuildFile; fileRef = 668FE50F2383139B00E8B3CC /* ProvidersViewController.swift */; };
		668FE512238324BD00E8B3CC /* ProviderTableViewCell.swift in Sources */ = {isa = PBXBuildFile; fileRef = 668FE511238324BD00E8B3CC /* ProviderTableViewCell.swift */; };
		668FE51423832D5100E8B3CC /* ProviderViewController.swift in Sources */ = {isa = PBXBuildFile; fileRef = 668FE51323832D5100E8B3CC /* ProviderViewController.swift */; };
		66B471A2237339FE001C2264 /* ProductsTableViewController.swift in Sources */ = {isa = PBXBuildFile; fileRef = 66B471A1237339FE001C2264 /* ProductsTableViewController.swift */; };
		66B471A423733F92001C2264 /* Product.swift in Sources */ = {isa = PBXBuildFile; fileRef = 66B471A323733F92001C2264 /* Product.swift */; };
		66DB45FB2379DF0E00454202 /* ProductViewController.swift in Sources */ = {isa = PBXBuildFile; fileRef = 66DB45FA2379DF0E00454202 /* ProductViewController.swift */; };
		66E52AB9237C98DB004979EE /* Provider.swift in Sources */ = {isa = PBXBuildFile; fileRef = 66E52AB8237C98DB004979EE /* Provider.swift */; };
/* End PBXBuildFile section */

/* Begin PBXFileReference section */
		66335F35236A11C900878FEF /* StoreManagement.app */ = {isa = PBXFileReference; explicitFileType = wrapper.application; includeInIndex = 0; path = StoreManagement.app; sourceTree = BUILT_PRODUCTS_DIR; };
		66335F38236A11CA00878FEF /* AppDelegate.swift */ = {isa = PBXFileReference; lastKnownFileType = sourcecode.swift; path = AppDelegate.swift; sourceTree = "<group>"; };
		66335F3A236A11CA00878FEF /* ViewController.swift */ = {isa = PBXFileReference; lastKnownFileType = sourcecode.swift; path = ViewController.swift; sourceTree = "<group>"; };
		66335F3D236A11CA00878FEF /* Base */ = {isa = PBXFileReference; lastKnownFileType = file.storyboard; name = Base; path = Base.lproj/Main.storyboard; sourceTree = "<group>"; };
		66335F3F236A11CD00878FEF /* Assets.xcassets */ = {isa = PBXFileReference; lastKnownFileType = folder.assetcatalog; path = Assets.xcassets; sourceTree = "<group>"; };
		66335F42236A11CD00878FEF /* Base */ = {isa = PBXFileReference; lastKnownFileType = file.storyboard; name = Base; path = Base.lproj/LaunchScreen.storyboard; sourceTree = "<group>"; };
		66335F44236A11CD00878FEF /* Info.plist */ = {isa = PBXFileReference; lastKnownFileType = text.plist.xml; path = Info.plist; sourceTree = "<group>"; };
		668FE50F2383139B00E8B3CC /* ProvidersViewController.swift */ = {isa = PBXFileReference; lastKnownFileType = sourcecode.swift; path = ProvidersViewController.swift; sourceTree = "<group>"; };
		668FE511238324BD00E8B3CC /* ProviderTableViewCell.swift */ = {isa = PBXFileReference; lastKnownFileType = sourcecode.swift; path = ProviderTableViewCell.swift; sourceTree = "<group>"; };
		668FE51323832D5100E8B3CC /* ProviderViewController.swift */ = {isa = PBXFileReference; lastKnownFileType = sourcecode.swift; path = ProviderViewController.swift; sourceTree = "<group>"; };
		66B471A1237339FE001C2264 /* ProductsTableViewController.swift */ = {isa = PBXFileReference; lastKnownFileType = sourcecode.swift; path = ProductsTableViewController.swift; sourceTree = "<group>"; };
		66B471A323733F92001C2264 /* Product.swift */ = {isa = PBXFileReference; lastKnownFileType = sourcecode.swift; path = Product.swift; sourceTree = "<group>"; };
		66DB45FA2379DF0E00454202 /* ProductViewController.swift */ = {isa = PBXFileReference; lastKnownFileType = sourcecode.swift; path = ProductViewController.swift; sourceTree = "<group>"; };
		66E52AB8237C98DB004979EE /* Provider.swift */ = {isa = PBXFileReference; lastKnownFileType = sourcecode.swift; path = Provider.swift; sourceTree = "<group>"; };
/* End PBXFileReference section */

/* Begin PBXFrameworksBuildPhase section */
		66335F32236A11C900878FEF /* Frameworks */ = {
			isa = PBXFrameworksBuildPhase;
			buildActionMask = 2147483647;
			files = (
			);
			runOnlyForDeploymentPostprocessing = 0;
		};
/* End PBXFrameworksBuildPhase section */

/* Begin PBXGroup section */
		66335F2C236A11C900878FEF = {
			isa = PBXGroup;
			children = (
				66335F37236A11C900878FEF /* StoreManagement */,
				66335F36236A11C900878FEF /* Products */,
			);
			sourceTree = "<group>";
		};
		66335F36236A11C900878FEF /* Products */ = {
			isa = PBXGroup;
			children = (
				66335F35236A11C900878FEF /* StoreManagement.app */,
			);
			name = Products;
			sourceTree = "<group>";
		};
		66335F37236A11C900878FEF /* StoreManagement */ = {
			isa = PBXGroup;
			children = (
				66335F38236A11CA00878FEF /* AppDelegate.swift */,
				66335F3A236A11CA00878FEF /* ViewController.swift */,
				66335F3C236A11CA00878FEF /* Main.storyboard */,
				66335F3F236A11CD00878FEF /* Assets.xcassets */,
				66335F41236A11CD00878FEF /* LaunchScreen.storyboard */,
				66335F44236A11CD00878FEF /* Info.plist */,
				66B471A1237339FE001C2264 /* ProductsTableViewController.swift */,
				66B471A323733F92001C2264 /* Product.swift */,
				66E52AB8237C98DB004979EE /* Provider.swift */,
				66DB45FA2379DF0E00454202 /* ProductViewController.swift */,
				668FE50F2383139B00E8B3CC /* ProvidersViewController.swift */,
				668FE511238324BD00E8B3CC /* ProviderTableViewCell.swift */,
				668FE51323832D5100E8B3CC /* ProviderViewController.swift */,
			);
			path = StoreManagement;
			sourceTree = "<group>";
		};
/* End PBXGroup section */

/* Begin PBXNativeTarget section */
		66335F34236A11C900878FEF /* StoreManagement */ = {
			isa = PBXNativeTarget;
			buildConfigurationList = 66335F47236A11CD00878FEF /* Build configuration list for PBXNativeTarget "StoreManagement" */;
			buildPhases = (
				66335F31236A11C900878FEF /* Sources */,
				66335F32236A11C900878FEF /* Frameworks */,
				66335F33236A11C900878FEF /* Resources */,
			);
			buildRules = (
			);
			dependencies = (
			);
			name = StoreManagement;
			productName = StoreManagement;
			productReference = 66335F35236A11C900878FEF /* StoreManagement.app */;
			productType = "com.apple.product-type.application";
		};
/* End PBXNativeTarget section */

/* Begin PBXProject section */
		66335F2D236A11C900878FEF /* Project object */ = {
			isa = PBXProject;
			attributes = {
				LastSwiftUpdateCheck = 1010;
				LastUpgradeCheck = 1010;
				ORGANIZATIONNAME = "ifage-user";
				TargetAttributes = {
					66335F34236A11C900878FEF = {
						CreatedOnToolsVersion = 10.1;
					};
				};
			};
			buildConfigurationList = 66335F30236A11C900878FEF /* Build configuration list for PBXProject "StoreManagement" */;
			compatibilityVersion = "Xcode 9.3";
			developmentRegion = en;
			hasScannedForEncodings = 0;
			knownRegions = (
				en,
				Base,
			);
			mainGroup = 66335F2C236A11C900878FEF;
			productRefGroup = 66335F36236A11C900878FEF /* Products */;
			projectDirPath = "";
			projectRoot = "";
			targets = (
				66335F34236A11C900878FEF /* StoreManagement */,
			);
		};
/* End PBXProject section */

/* Begin PBXResourcesBuildPhase section */
		66335F33236A11C900878FEF /* Resources */ = {
			isa = PBXResourcesBuildPhase;
			buildActionMask = 2147483647;
			files = (
				66335F43236A11CD00878FEF /* LaunchScreen.storyboard in Resources */,
				66335F40236A11CD00878FEF /* Assets.xcassets in Resources */,
				66335F3E236A11CA00878FEF /* Main.storyboard in Resources */,
			);
			runOnlyForDeploymentPostprocessing = 0;
		};
/* End PBXResourcesBuildPhase section */

/* Begin PBXSourcesBuildPhase section */
		66335F31236A11C900878FEF /* Sources */ = {
			isa = PBXSourcesBuildPhase;
			buildActionMask = 2147483647;
			files = (
				66335F3B236A11CA00878FEF /* ViewController.swift in Sources */,
				66B471A423733F92001C2264 /* Product.swift in Sources */,
				66B471A2237339FE001C2264 /* ProductsTableViewController.swift in Sources */,
				668FE5102383139B00E8B3CC /* ProvidersViewController.swift in Sources */,
				668FE512238324BD00E8B3CC /* ProviderTableViewCell.swift in Sources */,
				66DB45FB2379DF0E00454202 /* ProductViewController.swift in Sources */,
				668FE51423832D5100E8B3CC /* ProviderViewController.swift in Sources */,
				66E52AB9237C98DB004979EE /* Provider.swift in Sources */,
				66335F39236A11CA00878FEF /* AppDelegate.swift in Sources */,
			);
			runOnlyForDeploymentPostprocessing = 0;
		};
/* End PBXSourcesBuildPhase section */

/* Begin PBXVariantGroup section */
		66335F3C236A11CA00878FEF /* Main.storyboard */ = {
			isa = PBXVariantGroup;
			children = (
				66335F3D236A11CA00878FEF /* Base */,
			);
			name = Main.storyboard;
			sourceTree = "<group>";
		};
		66335F41236A11CD00878FEF /* LaunchScreen.storyboard */ = {
			isa = PBXVariantGroup;
			children = (
				66335F42236A11CD00878FEF /* Base */,
			);
			name = LaunchScreen.storyboard;
			sourceTree = "<group>";
		};
/* End PBXVariantGroup section */

/* Begin XCBuildConfiguration section */
		66335F45236A11CD00878FEF /* Debug */ = {
			isa = XCBuildConfiguration;
			buildSettings = {
				ALWAYS_SEARCH_USER_PATHS = NO;
				CLANG_ANALYZER_NONNULL = YES;
				CLANG_ANALYZER_NUMBER_OBJECT_CONVERSION = YES_AGGRESSIVE;
				CLANG_CXX_LANGUAGE_STANDARD = "gnu++14";
				CLANG_CXX_LIBRARY = "libc++";
				CLANG_ENABLE_MODULES = YES;
				CLANG_ENABLE_OBJC_ARC = YES;
				CLANG_ENABLE_OBJC_WEAK = YES;
				CLANG_WARN_BLOCK_CAPTURE_AUTORELEASING = YES;
				CLANG_WARN_BOOL_CONVERSION = YES;
				CLANG_WARN_COMMA = YES;
				CLANG_WARN_CONSTANT_CONVERSION = YES;
				CLANG_WARN_DEPRECATED_OBJC_IMPLEMENTATIONS = YES;
				CLANG_WARN_DIRECT_OBJC_ISA_USAGE = YES_ERROR;
				CLANG_WARN_DOCUMENTATION_COMMENTS = YES;
				CLANG_WARN_EMPTY_BODY = YES;
				CLANG_WARN_ENUM_CONVERSION = YES;
				CLANG_WARN_INFINITE_RECURSION = YES;
				CLANG_WARN_INT_CONVERSION = YES;
				CLANG_WARN_NON_LITERAL_NULL_CONVERSION = YES;
				CLANG_WARN_OBJC_IMPLICIT_RETAIN_SELF = YES;
				CLANG_WARN_OBJC_LITERAL_CONVERSION = YES;
				CLANG_WARN_OBJC_ROOT_CLASS = YES_ERROR;
				CLANG_WARN_RANGE_LOOP_ANALYSIS = YES;
				CLANG_WARN_STRICT_PROTOTYPES = YES;
				CLANG_WARN_SUSPICIOUS_MOVE = YES;
				CLANG_WARN_UNGUARDED_AVAILABILITY = YES_AGGRESSIVE;
				CLANG_WARN_UNREACHABLE_CODE = YES;
				CLANG_WARN__DUPLICATE_METHOD_MATCH = YES;
				CODE_SIGN_IDENTITY = "iPhone Developer";
				COPY_PHASE_STRIP = NO;
				DEBUG_INFORMATION_FORMAT = dwarf;
				ENABLE_STRICT_OBJC_MSGSEND = YES;
				ENABLE_TESTABILITY = YES;
				GCC_C_LANGUAGE_STANDARD = gnu11;
				GCC_DYNAMIC_NO_PIC = NO;
				GCC_NO_COMMON_BLOCKS = YES;
				GCC_OPTIMIZATION_LEVEL = 0;
				GCC_PREPROCESSOR_DEFINITIONS = (
					"DEBUG=1",
					"$(inherited)",
				);
				GCC_WARN_64_TO_32_BIT_CONVERSION = YES;
				GCC_WARN_ABOUT_RETURN_TYPE = YES_ERROR;
				GCC_WARN_UNDECLARED_SELECTOR = YES;
				GCC_WARN_UNINITIALIZED_AUTOS = YES_AGGRESSIVE;
				GCC_WARN_UNUSED_FUNCTION = YES;
				GCC_WARN_UNUSED_VARIABLE = YES;
				IPHONEOS_DEPLOYMENT_TARGET = 12.1;
				MTL_ENABLE_DEBUG_INFO = INCLUDE_SOURCE;
				MTL_FAST_MATH = YES;
				ONLY_ACTIVE_ARCH = YES;
				SDKROOT = iphoneos;
				SWIFT_ACTIVE_COMPILATION_CONDITIONS = DEBUG;
				SWIFT_OPTIMIZATION_LEVEL = "-Onone";
			};
			name = Debug;
		};
		66335F46236A11CD00878FEF /* Release */ = {
			isa = XCBuildConfiguration;
			buildSettings = {
				ALWAYS_SEARCH_USER_PATHS = NO;
				CLANG_ANALYZER_NONNULL = YES;
				CLANG_ANALYZER_NUMBER_OBJECT_CONVERSION = YES_AGGRESSIVE;
				CLANG_CXX_LANGUAGE_STANDARD = "gnu++14";
				CLANG_CXX_LIBRARY = "libc++";
				CLANG_ENABLE_MODULES = YES;
				CLANG_ENABLE_OBJC_ARC = YES;
				CLANG_ENABLE_OBJC_WEAK = YES;
				CLANG_WARN_BLOCK_CAPTURE_AUTORELEASING = YES;
				CLANG_WARN_BOOL_CONVERSION = YES;
				CLANG_WARN_COMMA = YES;
				CLANG_WARN_CONSTANT_CONVERSION = YES;
				CLANG_WARN_DEPRECATED_OBJC_IMPLEMENTATIONS = YES;
				CLANG_WARN_DIRECT_OBJC_ISA_USAGE = YES_ERROR;
				CLANG_WARN_DOCUMENTATION_COMMENTS = YES;
				CLANG_WARN_EMPTY_BODY = YES;
				CLANG_WARN_ENUM_CONVERSION = YES;
				CLANG_WARN_INFINITE_RECURSION = YES;
				CLANG_WARN_INT_CONVERSION = YES;
				CLANG_WARN_NON_LITERAL_NULL_CONVERSION = YES;
				CLANG_WARN_OBJC_IMPLICIT_RETAIN_SELF = YES;
				CLANG_WARN_OBJC_LITERAL_CONVERSION = YES;
				CLANG_WARN_OBJC_ROOT_CLASS = YES_ERROR;
				CLANG_WARN_RANGE_LOOP_ANALYSIS = YES;
				CLANG_WARN_STRICT_PROTOTYPES = YES;
				CLANG_WARN_SUSPICIOUS_MOVE = YES;
				CLANG_WARN_UNGUARDED_AVAILABILITY = YES_AGGRESSIVE;
				CLANG_WARN_UNREACHABLE_CODE = YES;
				CLANG_WARN__DUPLICATE_METHOD_MATCH = YES;
				CODE_SIGN_IDENTITY = "iPhone Developer";
				COPY_PHASE_STRIP = NO;
				DEBUG_INFORMATION_FORMAT = "dwarf-with-dsym";
				ENABLE_NS_ASSERTIONS = NO;
				ENABLE_STRICT_OBJC_MSGSEND = YES;
				GCC_C_LANGUAGE_STANDARD = gnu11;
				GCC_NO_COMMON_BLOCKS = YES;
				GCC_WARN_64_TO_32_BIT_CONVERSION = YES;
				GCC_WARN_ABOUT_RETURN_TYPE = YES_ERROR;
				GCC_WARN_UNDECLARED_SELECTOR = YES;
				GCC_WARN_UNINITIALIZED_AUTOS = YES_AGGRESSIVE;
				GCC_WARN_UNUSED_FUNCTION = YES;
				GCC_WARN_UNUSED_VARIABLE = YES;
				IPHONEOS_DEPLOYMENT_TARGET = 12.1;
				MTL_ENABLE_DEBUG_INFO = NO;
				MTL_FAST_MATH = YES;
				SDKROOT = iphoneos;
				SWIFT_COMPILATION_MODE = wholemodule;
				SWIFT_OPTIMIZATION_LEVEL = "-O";
				VALIDATE_PRODUCT = YES;
			};
			name = Release;
		};
		66335F48236A11CD00878FEF /* Debug */ = {
			isa = XCBuildConfiguration;
			buildSettings = {
				ASSETCATALOG_COMPILER_APPICON_NAME = AppIcon;
				CODE_SIGN_STYLE = Manual;
				DEVELOPMENT_TEAM = "";
				INFOPLIST_FILE = StoreManagement/Info.plist;
				LD_RUNPATH_SEARCH_PATHS = (
					"$(inherited)",
					"@executable_path/Frameworks",
				);
				PRODUCT_BUNDLE_IDENTIFIER = ch.ifage.dev.ios.StoreManagement;
				PRODUCT_NAME = "$(TARGET_NAME)";
				PROVISIONING_PROFILE_SPECIFIER = "";
				SWIFT_VERSION = 4.2;
				TARGETED_DEVICE_FAMILY = "1,2";
			};
			name = Debug;
		};
		66335F49236A11CD00878FEF /* Release */ = {
			isa = XCBuildConfiguration;
			buildSettings = {
				ASSETCATALOG_COMPILER_APPICON_NAME = AppIcon;
				CODE_SIGN_STYLE = Manual;
				DEVELOPMENT_TEAM = "";
				INFOPLIST_FILE = StoreManagement/Info.plist;
				LD_RUNPATH_SEARCH_PATHS = (
					"$(inherited)",
					"@executable_path/Frameworks",
				);
				PRODUCT_BUNDLE_IDENTIFIER = ch.ifage.dev.ios.StoreManagement;
				PRODUCT_NAME = "$(TARGET_NAME)";
				PROVISIONING_PROFILE_SPECIFIER = "";
				SWIFT_VERSION = 4.2;
				TARGETED_DEVICE_FAMILY = "1,2";
			};
			name = Release;
		};
/* End XCBuildConfiguration section */

/* Begin XCConfigurationList section */
		66335F30236A11C900878FEF /* Build configuration list for PBXProject "StoreManagement" */ = {
			isa = XCConfigurationList;
			buildConfigurations = (
				66335F45236A11CD00878FEF /* Debug */,
				66335F46236A11CD00878FEF /* Release */,
			);
			defaultConfigurationIsVisible = 0;
			defaultConfigurationName = Release;
		};
		66335F47236A11CD00878FEF /* Build configuration list for PBXNativeTarget "StoreManagement" */ = {
			isa = XCConfigurationList;
			buildConfigurations = (
				66335F48236A11CD00878FEF /* Debug */,
				66335F49236A11CD00878FEF /* Release */,
			);
			defaultConfigurationIsVisible = 0;
			defaultConfigurationName = Release;
		};
/* End XCConfigurationList section */
	};
	rootObject = 66335F2D236A11C900878FEF /* Project object */;
}
